
Microsoft Visual Studio Solution File, Format Version 12.00
# Visual Studio Version 16
VisualStudioVersion = 16.0.30011.22
MinimumVisualStudioVersion = 10.0.40219.1
Project("{FAE04EC0-301F-11D3-BF4B-00C04F79EFBC}") = "assign-6", "assign-6\assign-6.csproj", "{CC3A3258-2BE2-493F-90B2-FB205A8B1E5C}"
EndProject
Global
	GlobalSection(SolutionConfigurationPlatforms) = preSolution
		Debug|Any CPU = Debug|Any CPU
		Release|Any CPU = Release|Any CPU
	EndGlobalSection
	GlobalSection(ProjectConfigurationPlatforms) = postSolution
		{CC3A3258-2BE2-493F-90B2-FB205A8B1E5C}.Debug|Any CPU.ActiveCfg = Debug|Any CPU
		{CC3A3258-2BE2-493F-90B2-FB205A8B1E5C}.Debug|Any CPU.Build.0 = Debug|Any CPU
		{CC3A3258-2BE2-493F-90B2-FB205A8B1E5C}.Release|Any CPU.ActiveCfg = Release|Any CPU
		{CC3A3258-2BE2-493F-90B2-FB205A8B1E5C}.Release|Any CPU.Build.0 = Release|Any CPU
	EndGlobalSection
	GlobalSection(SolutionProperties) = preSolution
		HideSolutionNode = FALSE
	EndGlobalSection
	GlobalSection(ExtensibilityGlobals) = postSolution
		SolutionGuid = {3C6B485F-F51D-4ECA-869F-ECDB9DEC4CF4}
	EndGlobalSection
EndGlobal
